
Microsoft Visual Studio Solution File, Format Version 12.00
# Visual Studio 2013
VisualStudioVersion = 12.0.31101.0
MinimumVisualStudioVersion = 10.0.40219.1
Project("{FAE04EC0-301F-11D3-BF4B-00C04F79EFBC}") = "FadeGE", "FadeGE\FadeGE.csproj", "{4249A314-2EB3-4D00-BFAE-6E5E1F81106A}"
EndProject
Global
	GlobalSection(SolutionConfigurationPlatforms) = preSolution
		Debug|Any CPU = Debug|Any CPU
		Release|Any CPU = Release|Any CPU
	EndGlobalSection
	GlobalSection(ProjectConfigurationPlatforms) = postSolution
		{4249A314-2EB3-4D00-BFAE-6E5E1F81106A}.Debug|Any CPU.ActiveCfg = Debug|Any CPU
		{4249A314-2EB3-4D00-BFAE-6E5E1F81106A}.Debug|Any CPU.Build.0 = Debug|Any CPU
		{4249A314-2EB3-4D00-BFAE-6E5E1F81106A}.Release|Any CPU.ActiveCfg = Release|Any CPU
		{4249A314-2EB3-4D00-BFAE-6E5E1F81106A}.Release|Any CPU.Build.0 = Release|Any CPU
	EndGlobalSection
	GlobalSection(SolutionProperties) = preSolution
		HideSolutionNode = FALSE
	EndGlobalSection
EndGlobal
